
Microsoft Visual Studio Solution File, Format Version 12.00
# Visual Studio 14
VisualStudioVersion = 14.0.22609.0
MinimumVisualStudioVersion = 10.0.40219.1
Project("{2150E333-8FDC-42A3-9474-1A3956D46DE8}") = "src", "src", "{FFD277B2-AC0E-42A1-B4CC-FC4179CED2D2}"
EndProject
Project("{8BB2217D-0F2D-49D1-97BC-3654ED321F3B}") = "ExpandableObjectJsonConverter", "src\ExpandableObjectJsonConverter\ExpandableObjectJsonConverter.kproj", "{B110C8E0-F952-44AA-A82C-86585624BDC6}"
EndProject
Project("{2150E333-8FDC-42A3-9474-1A3956D46DE8}") = "Solution Items", "Solution Items", "{52277EF6-06FB-430D-8E39-6765FF394287}"
	ProjectSection(SolutionItems) = preProject
		global.json = global.json
	EndProjectSection
EndProject
Project("{2150E333-8FDC-42A3-9474-1A3956D46DE8}") = "test", "test", "{69AE5381-A098-4C1B-9DAB-E277F4765DD0}"
EndProject
Project("{8BB2217D-0F2D-49D1-97BC-3654ED321F3B}") = "ExpandableObjectJsonConverter.Tests", "test\ExpandableObjectJsonConverter.Tests\ExpandableObjectJsonConverter.Tests.kproj", "{52DB3185-C593-4B2F-8DCE-5CC2B160D6C3}"
EndProject
Global
	GlobalSection(SolutionConfigurationPlatforms) = preSolution
		Debug|Any CPU = Debug|Any CPU
		Release|Any CPU = Release|Any CPU
	EndGlobalSection
	GlobalSection(ProjectConfigurationPlatforms) = postSolution
		{B110C8E0-F952-44AA-A82C-86585624BDC6}.Debug|Any CPU.ActiveCfg = Debug|Any CPU
		{B110C8E0-F952-44AA-A82C-86585624BDC6}.Debug|Any CPU.Build.0 = Debug|Any CPU
		{B110C8E0-F952-44AA-A82C-86585624BDC6}.Release|Any CPU.ActiveCfg = Release|Any CPU
		{B110C8E0-F952-44AA-A82C-86585624BDC6}.Release|Any CPU.Build.0 = Release|Any CPU
		{52DB3185-C593-4B2F-8DCE-5CC2B160D6C3}.Debug|Any CPU.ActiveCfg = Debug|Any CPU
		{52DB3185-C593-4B2F-8DCE-5CC2B160D6C3}.Debug|Any CPU.Build.0 = Debug|Any CPU
		{52DB3185-C593-4B2F-8DCE-5CC2B160D6C3}.Release|Any CPU.ActiveCfg = Release|Any CPU
		{52DB3185-C593-4B2F-8DCE-5CC2B160D6C3}.Release|Any CPU.Build.0 = Release|Any CPU
	EndGlobalSection
	GlobalSection(SolutionProperties) = preSolution
		HideSolutionNode = FALSE
	EndGlobalSection
	GlobalSection(NestedProjects) = preSolution
		{B110C8E0-F952-44AA-A82C-86585624BDC6} = {FFD277B2-AC0E-42A1-B4CC-FC4179CED2D2}
		{52DB3185-C593-4B2F-8DCE-5CC2B160D6C3} = {69AE5381-A098-4C1B-9DAB-E277F4765DD0}
	EndGlobalSection
EndGlobal
